# THIS IS AN AUTOGENERATED FILE. DO NOT EDIT THIS FILE DIRECTLY.
# yarn lockfile v1


ajv@^4.9.1:
  version "4.11.6"
  resolved "https://registry.yarnpkg.com/ajv/-/ajv-4.11.6.tgz#947e93049790942b2a2d60a8289b28924d39f987"
  dependencies:
    co "^4.6.0"
    json-stable-stringify "^1.0.1"

ansi@^0.3.0, ansi@~0.3.0:
  version "0.3.1"
  resolved "https://registry.yarnpkg.com/ansi/-/ansi-0.3.1.tgz#0c42d4fb17160d5a9af1e484bace1c66922c1b21"

ap@~0.2.0:
  version "0.2.0"
  resolved "https://registry.yarnpkg.com/ap/-/ap-0.2.0.tgz#ae0942600b29912f0d2b14ec60c45e8f330b6110"

are-we-there-yet@~1.0.0:
  version "1.0.6"
  resolved "https://registry.yarnpkg.com/are-we-there-yet/-/are-we-there-yet-1.0.6.tgz#a2d28c93102aa6cc96245a26cb954de06ec53f0c"
  dependencies:
    delegates "^1.0.0"
    readable-stream "^2.0.0 || ^1.1.13"

asn1@~0.2.3:
  version "0.2.3"
  resolved "https://registry.yarnpkg.com/asn1/-/asn1-0.2.3.tgz#dac8787713c9966849fc8180777ebe9c1ddf3b86"

assert-plus@1.0.0, assert-plus@^1.0.0:
  version "1.0.0"
  resolved "https://registry.yarnpkg.com/assert-plus/-/assert-plus-1.0.0.tgz#f12e0f3c5d77b0b1cdd9146942e4e96c1e4dd525"

assert-plus@^0.2.0:
  version "0.2.0"
  resolved "https://registry.yarnpkg.com/assert-plus/-/assert-plus-0.2.0.tgz#d74e1b87e7affc0db8aadb7021f3fe48101ab234"

async@^1.5.0:
  version "1.5.2"
  resolved "https://registry.yarnpkg.com/async/-/async-1.5.2.tgz#ec6a61ae56480c0c3cb241c95618e20892f9672a"

asynckit@^0.4.0:
  version "0.4.0"
  resolved "https://registry.yarnpkg.com/asynckit/-/asynckit-0.4.0.tgz#c79ed97f7f34cb8f2ba1bc9790bcc366474b4b79"

aws-sign2@~0.6.0:
  version "0.6.0"
  resolved "https://registry.yarnpkg.com/aws-sign2/-/aws-sign2-0.6.0.tgz#14342dd38dbcc94d0e5b87d763cd63612c0e794f"

aws4@^1.2.1:
  version "1.6.0"
  resolved "https://registry.yarnpkg.com/aws4/-/aws4-1.6.0.tgz#83ef5ca860b2b32e4a0deedee8c771b9db57471e"

bcrypt-pbkdf@^1.0.0:
  version "1.0.1"
  resolved "https://registry.yarnpkg.com/bcrypt-pbkdf/-/bcrypt-pbkdf-1.0.1.tgz#63bc5dcb61331b92bc05fd528953c33462a06f8d"
  dependencies:
    tweetnacl "^0.14.3"

bignumber.js@3.1.2:
  version "3.1.2"
  resolved "https://registry.yarnpkg.com/bignumber.js/-/bignumber.js-3.1.2.tgz#f3bdb99ad5268a15fc1f0bed2fb018e2693fe236"

bluebird@^2.9.27:
  version "2.11.0"
  resolved "https://registry.yarnpkg.com/bluebird/-/bluebird-2.11.0.tgz#534b9033c022c9579c56ba3b3e5a5caafbb650e1"

boolbase@~1.0.0:
  version "1.0.0"
  resolved "https://registry.yarnpkg.com/boolbase/-/boolbase-1.0.0.tgz#68dff5fbe60c51eb37725ea9e3ed310dcc1e776e"

boom@2.x.x:
  version "2.10.1"
  resolved "https://registry.yarnpkg.com/boom/-/boom-2.10.1.tgz#39c8918ceff5799f83f9492a848f625add0c766f"
  dependencies:
    hoek "2.x.x"

buffer-writer@1.0.1:
  version "1.0.1"
  resolved "https://registry.yarnpkg.com/buffer-writer/-/buffer-writer-1.0.1.tgz#22a936901e3029afcd7547eb4487ceb697a3bf08"

caseless@~0.12.0:
  version "0.12.0"
  resolved "https://registry.yarnpkg.com/caseless/-/caseless-0.12.0.tgz#1b681c21ff84033c826543090689420d187151dc"

cheerio@^0.19.0:
  version "0.19.0"
  resolved "https://registry.yarnpkg.com/cheerio/-/cheerio-0.19.0.tgz#772e7015f2ee29965096d71ea4175b75ab354925"
  dependencies:
    css-select "~1.0.0"
    dom-serializer "~0.1.0"
    entities "~1.1.1"
    htmlparser2 "~3.8.1"
    lodash "^3.2.0"

co@^4.6.0:
  version "4.6.0"
  resolved "https://registry.yarnpkg.com/co/-/co-4.6.0.tgz#6ea6bdf3d853ae54ccb8e47bfa0bf3f9031fb184"

combined-stream@^1.0.5, combined-stream@~1.0.5:
  version "1.0.5"
  resolved "https://registry.yarnpkg.com/combined-stream/-/combined-stream-1.0.5.tgz#938370a57b4a51dea2c77c15d5c5fdf895164009"
  dependencies:
    delayed-stream "~1.0.0"

core-util-is@~1.0.0:
  version "1.0.2"
  resolved "https://registry.yarnpkg.com/core-util-is/-/core-util-is-1.0.2.tgz#b5fd54220aa2bc5ab57aab7140c940754503c1a7"

cryptiles@2.x.x:
  version "2.0.5"
  resolved "https://registry.yarnpkg.com/cryptiles/-/cryptiles-2.0.5.tgz#3bdfecdc608147c1c67202fa291e7dca59eaa3b8"
  dependencies:
    boom "2.x.x"

css-select@~1.0.0:
  version "1.0.0"
  resolved "https://registry.yarnpkg.com/css-select/-/css-select-1.0.0.tgz#b1121ca51848dd264e2244d058cee254deeb44b0"
  dependencies:
    boolbase "~1.0.0"
    css-what "1.0"
    domutils "1.4"
    nth-check "~1.0.0"

css-what@1.0:
  version "1.0.0"
  resolved "https://registry.yarnpkg.com/css-what/-/css-what-1.0.0.tgz#d7cc2df45180666f99d2b14462639469e00f736c"

dashdash@^1.12.0:
  version "1.14.1"
  resolved "https://registry.yarnpkg.com/dashdash/-/dashdash-1.14.1.tgz#853cfa0f7cbe2fed5de20326b8dd581035f6e2f0"
  dependencies:
    assert-plus "^1.0.0"

delayed-stream@~1.0.0:
  version "1.0.0"
  resolved "https://registry.yarnpkg.com/delayed-stream/-/delayed-stream-1.0.0.tgz#df3ae199acadfb7d440aaae0b29e2272b24ec619"

delegates@^1.0.0:
  version "1.0.0"
  resolved "https://registry.yarnpkg.com/delegates/-/delegates-1.0.0.tgz#84c6e159b81904fdca59a0ef44cd870d31250f9a"

dom-serializer@0, dom-serializer@~0.1.0:
  version "0.1.0"
  resolved "https://registry.yarnpkg.com/dom-serializer/-/dom-serializer-0.1.0.tgz#073c697546ce0780ce23be4a28e293e40bc30c82"
  dependencies:
    domelementtype "~1.1.1"
    entities "~1.1.1"

domelementtype@1, domelementtype@~1.1.1:
  version "1.1.3"
  resolved "https://registry.yarnpkg.com/domelementtype/-/domelementtype-1.1.3.tgz#bd28773e2642881aec51544924299c5cd822185b"

domhandler@2.3:
  version "2.3.0"
  resolved "https://registry.yarnpkg.com/domhandler/-/domhandler-2.3.0.tgz#2de59a0822d5027fabff6f032c2b25a2a8abe738"
  dependencies:
    domelementtype "1"

domutils@1.4:
  version "1.4.3"
  resolved "https://registry.yarnpkg.com/domutils/-/domutils-1.4.3.tgz#0865513796c6b306031850e175516baf80b72a6f"
  dependencies:
    domelementtype "1"

domutils@1.5:
  version "1.5.1"
  resolved "https://registry.yarnpkg.com/domutils/-/domutils-1.5.1.tgz#dcd8488a26f563d61079e48c9f7b7e32373682cf"
  dependencies:
    dom-serializer "0"
    domelementtype "1"

ecc-jsbn@~0.1.1:
  version "0.1.1"
  resolved "https://registry.yarnpkg.com/ecc-jsbn/-/ecc-jsbn-0.1.1.tgz#0fc73a9ed5f0d53c38193398523ef7e543777505"
  dependencies:
    jsbn "~0.1.0"

entities@1.0:
  version "1.0.0"
  resolved "https://registry.yarnpkg.com/entities/-/entities-1.0.0.tgz#b2987aa3821347fcde642b24fdfc9e4fb712bf26"

entities@~1.1.1:
  version "1.1.1"
  resolved "https://registry.yarnpkg.com/entities/-/entities-1.1.1.tgz#6e5c2d0a5621b5dadaecef80b90edfb5cd7772f0"

extend@^2.0.1:
  version "2.0.1"
  resolved "https://registry.yarnpkg.com/extend/-/extend-2.0.1.tgz#1ee8010689e7395ff9448241c98652bc759a8260"

extend@~3.0.0:
  version "3.0.0"
  resolved "https://registry.yarnpkg.com/extend/-/extend-3.0.0.tgz#5a474353b9f3353ddd8176dfd37b91c83a46f1d4"

extsprintf@1.0.2:
  version "1.0.2"
  resolved "https://registry.yarnpkg.com/extsprintf/-/extsprintf-1.0.2.tgz#e1080e0658e300b06294990cc70e1502235fd550"

"facebook-chat-api@git+https://github.com/Schmavery/facebook-chat-api":
  version "1.3.0"
  resolved "git+https://github.com/Schmavery/facebook-chat-api#bd66d0e272679620b9815ae8864b24df3139e26b"
  dependencies:
    bluebird "^2.9.27"
    cheerio "^0.19.0"
    npmlog "^1.2.0"
    request "^2.53.0"

forever-agent@~0.6.1:
  version "0.6.1"
  resolved "https://registry.yarnpkg.com/forever-agent/-/forever-agent-0.6.1.tgz#fbc71f0c41adeb37f96c577ad1ed42d8fdacca91"

form-data@~2.1.1:
  version "2.1.2"
  resolved "https://registry.yarnpkg.com/form-data/-/form-data-2.1.2.tgz#89c3534008b97eada4cbb157d58f6f5df025eae4"
  dependencies:
    asynckit "^0.4.0"
    combined-stream "^1.0.5"
    mime-types "^2.1.12"

gauge@~1.2.0:
  version "1.2.7"
  resolved "https://registry.yarnpkg.com/gauge/-/gauge-1.2.7.tgz#e9cec5483d3d4ee0ef44b60a7d99e4935e136d93"
  dependencies:
    ansi "^0.3.0"
    has-unicode "^2.0.0"
    lodash.pad "^4.1.0"
    lodash.padend "^4.1.0"
    lodash.padstart "^4.1.0"

generic-pool@2.4.2:
  version "2.4.2"
  resolved "https://registry.yarnpkg.com/generic-pool/-/generic-pool-2.4.2.tgz#886bc5bf0beb7db96e81bcbba078818de5a62683"

getpass@^0.1.1:
  version "0.1.6"
  resolved "https://registry.yarnpkg.com/getpass/-/getpass-0.1.6.tgz#283ffd9fc1256840875311c1b60e8c40187110e6"
  dependencies:
    assert-plus "^1.0.0"

har-schema@^1.0.5:
  version "1.0.5"
  resolved "https://registry.yarnpkg.com/har-schema/-/har-schema-1.0.5.tgz#d263135f43307c02c602afc8fe95970c0151369e"

har-validator@~4.2.1:
  version "4.2.1"
  resolved "https://registry.yarnpkg.com/har-validator/-/har-validator-4.2.1.tgz#33481d0f1bbff600dd203d75812a6a5fba002e2a"
  dependencies:
    ajv "^4.9.1"
    har-schema "^1.0.5"

has-unicode@^2.0.0:
  version "2.0.1"
  resolved "https://registry.yarnpkg.com/has-unicode/-/has-unicode-2.0.1.tgz#e0e6fe6a28cf51138855e086d1691e771de2a8b9"

hawk@~3.1.3:
  version "3.1.3"
  resolved "https://registry.yarnpkg.com/hawk/-/hawk-3.1.3.tgz#078444bd7c1640b0fe540d2c9b73d59678e8e1c4"
  dependencies:
    boom "2.x.x"
    cryptiles "2.x.x"
    hoek "2.x.x"
    sntp "1.x.x"

hoek@2.x.x:
  version "2.16.3"
  resolved "https://registry.yarnpkg.com/hoek/-/hoek-2.16.3.tgz#20bb7403d3cea398e91dc4710a8ff1b8274a25ed"

htmlparser2@~3.8.1:
  version "3.8.3"
  resolved "https://registry.yarnpkg.com/htmlparser2/-/htmlparser2-3.8.3.tgz#996c28b191516a8be86501a7d79757e5c70c1068"
  dependencies:
    domelementtype "1"
    domhandler "2.3"
    domutils "1.5"
    entities "1.0"
    readable-stream "1.1"

http-signature@~1.1.0:
  version "1.1.1"
  resolved "https://registry.yarnpkg.com/http-signature/-/http-signature-1.1.1.tgz#df72e267066cd0ac67fb76adf8e134a8fbcf91bf"
  dependencies:
    assert-plus "^0.2.0"
    jsprim "^1.2.2"
    sshpk "^1.7.0"

inherits@~2.0.1:
  version "2.0.3"
  resolved "https://registry.yarnpkg.com/inherits/-/inherits-2.0.3.tgz#633c2c83e3da42a502f52466022480f4208261de"

is-typedarray@~1.0.0:
  version "1.0.0"
  resolved "https://registry.yarnpkg.com/is-typedarray/-/is-typedarray-1.0.0.tgz#e479c80858df0c1b11ddda6940f96011fcda4a9a"

isarray@0.0.1:
  version "0.0.1"
  resolved "https://registry.yarnpkg.com/isarray/-/isarray-0.0.1.tgz#8a18acfca9a8f4177e09abfc6038939b05d1eedf"

isstream@~0.1.2:
  version "0.1.2"
  resolved "https://registry.yarnpkg.com/isstream/-/isstream-0.1.2.tgz#47e63f7af55afa6f92e1500e690eb8b8529c099a"

jodid25519@^1.0.0:
  version "1.0.2"
  resolved "https://registry.yarnpkg.com/jodid25519/-/jodid25519-1.0.2.tgz#06d4912255093419477d425633606e0e90782967"
  dependencies:
    jsbn "~0.1.0"

"js-emoji@git+https://github.com/iamcal/js-emoji.git":
  version "3.1.1"
  resolved "git+https://github.com/iamcal/js-emoji.git#75750a73f7ecbe8eed950613592953753c96a70f"

jsbn@~0.1.0:
  version "0.1.1"
  resolved "https://registry.yarnpkg.com/jsbn/-/jsbn-0.1.1.tgz#a5e654c2e5a2deb5f201d96cefbca80c0ef2f513"

json-schema@0.2.3:
  version "0.2.3"
  resolved "https://registry.yarnpkg.com/json-schema/-/json-schema-0.2.3.tgz#b480c892e59a2f05954ce727bd3f2a4e882f9e13"

json-stable-stringify@^1.0.1:
  version "1.0.1"
  resolved "https://registry.yarnpkg.com/json-stable-stringify/-/json-stable-stringify-1.0.1.tgz#9a759d39c5f2ff503fd5300646ed445f88c4f9af"
  dependencies:
    jsonify "~0.0.0"

json-stringify-safe@~5.0.1:
  version "5.0.1"
  resolved "https://registry.yarnpkg.com/json-stringify-safe/-/json-stringify-safe-5.0.1.tgz#1296a2d58fd45f19a0f6ce01d65701e2c735b6eb"

jsonify@~0.0.0:
  version "0.0.0"
  resolved "https://registry.yarnpkg.com/jsonify/-/jsonify-0.0.0.tgz#2c74b6ee41d93ca51b7b5aaee8f503631d252a73"

jsprim@^1.2.2:
  version "1.4.0"
  resolved "https://registry.yarnpkg.com/jsprim/-/jsprim-1.4.0.tgz#a3b87e40298d8c380552d8cc7628a0bb95a22918"
  dependencies:
    assert-plus "1.0.0"
    extsprintf "1.0.2"
    json-schema "0.2.3"
    verror "1.3.6"

lodash.pad@^4.1.0:
  version "4.5.1"
  resolved "https://registry.yarnpkg.com/lodash.pad/-/lodash.pad-4.5.1.tgz#4330949a833a7c8da22cc20f6a26c4d59debba70"

lodash.padend@^4.1.0:
  version "4.6.1"
  resolved "https://registry.yarnpkg.com/lodash.padend/-/lodash.padend-4.6.1.tgz#53ccba047d06e158d311f45da625f4e49e6f166e"

lodash.padstart@^4.1.0:
  version "4.6.1"
  resolved "https://registry.yarnpkg.com/lodash.padstart/-/lodash.padstart-4.6.1.tgz#d2e3eebff0d9d39ad50f5cbd1b52a7bce6bb611b"

lodash@^3.2.0:
  version "3.10.1"
  resolved "https://registry.yarnpkg.com/lodash/-/lodash-3.10.1.tgz#5bf45e8e49ba4189e17d482789dfd15bd140b7b6"

mime-db@~1.27.0:
  version "1.27.0"
  resolved "https://registry.yarnpkg.com/mime-db/-/mime-db-1.27.0.tgz#820f572296bbd20ec25ed55e5b5de869e5436eb1"

mime-types@^2.1.12, mime-types@~2.1.7:
  version "2.1.15"
  resolved "https://registry.yarnpkg.com/mime-types/-/mime-types-2.1.15.tgz#a4ebf5064094569237b8cf70046776d09fc92aed"
  dependencies:
    mime-db "~1.27.0"

mysql@^2.13.0:
  version "2.13.0"
  resolved "https://registry.yarnpkg.com/mysql/-/mysql-2.13.0.tgz#998f1f8ca46e2e3dd7149ce982413653986aae47"
  dependencies:
    bignumber.js "3.1.2"
    readable-stream "1.1.14"
    sqlstring "2.2.0"

npmlog@^1.2.0:
  version "1.2.1"
  resolved "https://registry.yarnpkg.com/npmlog/-/npmlog-1.2.1.tgz#28e7be619609b53f7ad1dd300a10d64d716268b6"
  dependencies:
    ansi "~0.3.0"
    are-we-there-yet "~1.0.0"
    gauge "~1.2.0"

nth-check@~1.0.0:
  version "1.0.1"
  resolved "https://registry.yarnpkg.com/nth-check/-/nth-check-1.0.1.tgz#9929acdf628fc2c41098deab82ac580cf149aae4"
  dependencies:
    boolbase "~1.0.0"

oauth-sign@~0.8.1:
  version "0.8.2"
  resolved "https://registry.yarnpkg.com/oauth-sign/-/oauth-sign-0.8.2.tgz#46a6ab7f0aead8deae9ec0565780b7d4efeb9d43"

options@>=0.0.5:
  version "0.0.6"
  resolved "https://registry.yarnpkg.com/options/-/options-0.0.6.tgz#ec22d312806bb53e731773e7cdaefcf1c643128f"

packet-reader@0.2.0:
  version "0.2.0"
  resolved "https://registry.yarnpkg.com/packet-reader/-/packet-reader-0.2.0.tgz#819df4d010b82d5ea5671f8a1a3acf039bcd7700"

performance-now@^0.2.0:
  version "0.2.0"
  resolved "https://registry.yarnpkg.com/performance-now/-/performance-now-0.2.0.tgz#33ef30c5c77d4ea21c5a53869d91b56d8f2555e5"

pg-connection-string@0.1.3:
  version "0.1.3"
  resolved "https://registry.yarnpkg.com/pg-connection-string/-/pg-connection-string-0.1.3.tgz#da1847b20940e42ee1492beaf65d49d91b245df7"

pg-types@1.*:
  version "1.11.0"
  resolved "https://registry.yarnpkg.com/pg-types/-/pg-types-1.11.0.tgz#aae91a82d952b633bb88d006350a166daaf6ea90"
  dependencies:
    ap "~0.2.0"
    postgres-array "~1.0.0"
    postgres-bytea "~1.0.0"
    postgres-date "~1.0.0"
    postgres-interval "~1.0.0"

pg@^4.4.3:
  version "4.5.6"
  resolved "https://registry.yarnpkg.com/pg/-/pg-4.5.6.tgz#a1de4878afa5cb208a25815f5ff89d2e0ebf52f8"
  dependencies:
    buffer-writer "1.0.1"
    generic-pool "2.4.2"
    packet-reader "0.2.0"
    pg-connection-string "0.1.3"
    pg-types "1.*"
    pgpass "0.0.3"
    semver "^4.1.0"

pgpass@0.0.3:
  version "0.0.3"
  resolved "https://registry.yarnpkg.com/pgpass/-/pgpass-0.0.3.tgz#12e67e343b3189c2f31206ebc9cc0befffcf9140"
  dependencies:
    split "~0.3"

postgres-array@~1.0.0:
  version "1.0.2"
  resolved "https://registry.yarnpkg.com/postgres-array/-/postgres-array-1.0.2.tgz#8e0b32eb03bf77a5c0a7851e0441c169a256a238"

postgres-bytea@~1.0.0:
  version "1.0.0"
  resolved "https://registry.yarnpkg.com/postgres-bytea/-/postgres-bytea-1.0.0.tgz#027b533c0aa890e26d172d47cf9ccecc521acd35"

postgres-date@~1.0.0:
  version "1.0.3"
  resolved "https://registry.yarnpkg.com/postgres-date/-/postgres-date-1.0.3.tgz#e2d89702efdb258ff9d9cee0fe91bd06975257a8"

postgres-interval@~1.0.0:
  version "1.0.2"
  resolved "https://registry.yarnpkg.com/postgres-interval/-/postgres-interval-1.0.2.tgz#7261438d862b412921c6fdb7617668424b73a6ed"
  dependencies:
    xtend "^4.0.0"

punycode@^1.4.1:
  version "1.4.1"
  resolved "https://registry.yarnpkg.com/punycode/-/punycode-1.4.1.tgz#c0d5a63b2718800ad8e1eb0fa5269c84dd41845e"

q@^1.4.1:
  version "1.5.0"
  resolved "https://registry.yarnpkg.com/q/-/q-1.5.0.tgz#dd01bac9d06d30e6f219aecb8253ee9ebdc308f1"

qs@~6.4.0:
  version "6.4.0"
  resolved "https://registry.yarnpkg.com/qs/-/qs-6.4.0.tgz#13e26d28ad6b0ffaa91312cd3bf708ed351e7233"

readable-stream@1.1, readable-stream@1.1.14, "readable-stream@^2.0.0 || ^1.1.13":
  version "1.1.14"
  resolved "https://registry.yarnpkg.com/readable-stream/-/readable-stream-1.1.14.tgz#7cf4c54ef648e3813084c636dd2079e166c081d9"
  dependencies:
    core-util-is "~1.0.0"
    inherits "~2.0.1"
    isarray "0.0.1"
    string_decoder "~0.10.x"

request@^2.53.0, request@^2.56.0:
  version "2.81.0"
  resolved "https://registry.yarnpkg.com/request/-/request-2.81.0.tgz#c6928946a0e06c5f8d6f8a9333469ffda46298a0"
  dependencies:
    aws-sign2 "~0.6.0"
    aws4 "^1.2.1"
    caseless "~0.12.0"
    combined-stream "~1.0.5"
    extend "~3.0.0"
    forever-agent "~0.6.1"
    form-data "~2.1.1"
    har-validator "~4.2.1"
    hawk "~3.1.3"
    http-signature "~1.1.0"
    is-typedarray "~1.0.0"
    isstream "~0.1.2"
    json-stringify-safe "~5.0.1"
    mime-types "~2.1.7"
    oauth-sign "~0.8.1"
    performance-now "^0.2.0"
    qs "~6.4.0"
    safe-buffer "^5.0.1"
    stringstream "~0.0.4"
    tough-cookie "~2.3.0"
    tunnel-agent "^0.6.0"
    uuid "^3.0.0"

safe-buffer@^5.0.1:
  version "5.0.1"
  resolved "https://registry.yarnpkg.com/safe-buffer/-/safe-buffer-5.0.1.tgz#d263ca54696cd8a306b5ca6551e92de57918fbe7"

semver@^4.1.0:
  version "4.3.6"
  resolved "https://registry.yarnpkg.com/semver/-/semver-4.3.6.tgz#300bc6e0e86374f7ba61068b5b1ecd57fc6532da"

slackbots@^0.5.0:
  version "0.5.3"
  resolved "https://registry.yarnpkg.com/slackbots/-/slackbots-0.5.3.tgz#7e98f9a02a7ab1e627c00b7f5a37d0cc7478410f"
  dependencies:
    extend "^2.0.1"
    request "^2.56.0"
    vow "^0.4.9"
    ws "^1.0.1"

sntp@1.x.x:
  version "1.0.9"
  resolved "https://registry.yarnpkg.com/sntp/-/sntp-1.0.9.tgz#6541184cc90aeea6c6e7b35e2659082443c66198"
  dependencies:
    hoek "2.x.x"

split@~0.3:
  version "0.3.3"
  resolved "https://registry.yarnpkg.com/split/-/split-0.3.3.tgz#cd0eea5e63a211dfff7eb0f091c4133e2d0dd28f"
  dependencies:
    through "2"

sqlstring@2.2.0:
  version "2.2.0"
  resolved "https://registry.yarnpkg.com/sqlstring/-/sqlstring-2.2.0.tgz#c3135c4ea8abcd7e7ee741a4966a891d86a4f191"

sshpk@^1.7.0:
  version "1.11.0"
  resolved "https://registry.yarnpkg.com/sshpk/-/sshpk-1.11.0.tgz#2d8d5ebb4a6fab28ffba37fa62a90f4a3ea59d77"
  dependencies:
    asn1 "~0.2.3"
    assert-plus "^1.0.0"
    dashdash "^1.12.0"
    getpass "^0.1.1"
  optionalDependencies:
    bcrypt-pbkdf "^1.0.0"
    ecc-jsbn "~0.1.1"
    jodid25519 "^1.0.0"
    jsbn "~0.1.0"
    tweetnacl "~0.14.0"

string@^3.3.1:
  version "3.3.3"
  resolved "https://registry.yarnpkg.com/string/-/string-3.3.3.tgz#5ea211cd92d228e184294990a6cc97b366a77cb0"

string_decoder@~0.10.x:
  version "0.10.31"
  resolved "https://registry.yarnpkg.com/string_decoder/-/string_decoder-0.10.31.tgz#62e203bc41766c6c28c9fc84301dab1c5310fa94"

stringstream@~0.0.4:
  version "0.0.5"
  resolved "https://registry.yarnpkg.com/stringstream/-/stringstream-0.0.5.tgz#4e484cd4de5a0bbbee18e46307710a8a81621878"

through@2:
  version "2.3.8"
  resolved "https://registry.yarnpkg.com/through/-/through-2.3.8.tgz#0dd4c9ffaabc357960b1b724115d7e0e86a2e1f5"

tough-cookie@~2.3.0:
  version "2.3.2"
  resolved "https://registry.yarnpkg.com/tough-cookie/-/tough-cookie-2.3.2.tgz#f081f76e4c85720e6c37a5faced737150d84072a"
  dependencies:
    punycode "^1.4.1"

tunnel-agent@^0.6.0:
  version "0.6.0"
  resolved "https://registry.yarnpkg.com/tunnel-agent/-/tunnel-agent-0.6.0.tgz#27a5dea06b36b04a0a9966774b290868f0fc40fd"
  dependencies:
    safe-buffer "^5.0.1"

tweetnacl@^0.14.3, tweetnacl@~0.14.0:
  version "0.14.5"
  resolved "https://registry.yarnpkg.com/tweetnacl/-/tweetnacl-0.14.5.tgz#5ae68177f192d4456269d108afa93ff8743f4f64"

ultron@1.0.x:
  version "1.0.2"
  resolved "https://registry.yarnpkg.com/ultron/-/ultron-1.0.2.tgz#ace116ab557cd197386a4e88f4685378c8b2e4fa"

underscore@^1.8.3:
  version "1.8.3"
  resolved "https://registry.yarnpkg.com/underscore/-/underscore-1.8.3.tgz#4f3fb53b106e6097fcf9cb4109f2a5e9bdfa5022"

uuid@^3.0.0:
  version "3.0.1"
  resolved "https://registry.yarnpkg.com/uuid/-/uuid-3.0.1.tgz#6544bba2dfda8c1cf17e629a3a305e2bb1fee6c1"

verror@1.3.6:
  version "1.3.6"
  resolved "https://registry.yarnpkg.com/verror/-/verror-1.3.6.tgz#cff5df12946d297d2baaefaa2689e25be01c005c"
  dependencies:
    extsprintf "1.0.2"

vow@^0.4.9:
  version "0.4.15"
  resolved "https://registry.yarnpkg.com/vow/-/vow-0.4.15.tgz#0579163aff6ba0ae05c456b2c0e4ca6373f111b3"

ws@^1.0.1:
  version "1.1.4"
  resolved "https://registry.yarnpkg.com/ws/-/ws-1.1.4.tgz#57f40d036832e5f5055662a397c4de76ed66bf61"
  dependencies:
    options ">=0.0.5"
    ultron "1.0.x"

xtend@^4.0.0:
  version "4.0.1"
  resolved "https://registry.yarnpkg.com/xtend/-/xtend-4.0.1.tgz#a5c6d532be656e23db820efb943a1f04998d63af"
